// !$*UTF8*$!
{
	archiveVersion = 1;
	classes = {
	};
	objectVersion = 50;
	objects = {

/* Begin PBXBuildFile section */
		52282A5A28D784D400687116 /* Constants.swift in Sources */ = {isa = PBXBuildFile; fileRef = 52282A5928D784D400687116 /* Constants.swift */; };
		52282A5C28D78C8A00687116 /* CurrencyConverterPresenter.swift in Sources */ = {isa = PBXBuildFile; fileRef = 52282A5B28D78C8A00687116 /* CurrencyConverterPresenter.swift */; };
		52282A5E28D78D1B00687116 /* CurrencyConverterNetworkManager.swift in Sources */ = {isa = PBXBuildFile; fileRef = 52282A5D28D78D1B00687116 /* CurrencyConverterNetworkManager.swift */; };
		52282A6028D79D1B00687116 /* Protocols.swift in Sources */ = {isa = PBXBuildFile; fileRef = 52282A5F28D79D1B00687116 /* Protocols.swift */; };
		52795B0128D0F7B300EB916F /* AppDelegate.swift in Sources */ = {isa = PBXBuildFile; fileRef = 52795B0028D0F7B300EB916F /* AppDelegate.swift */; };
		52795B0328D0F7B300EB916F /* SceneDelegate.swift in Sources */ = {isa = PBXBuildFile; fileRef = 52795B0228D0F7B300EB916F /* SceneDelegate.swift */; };
		52795B0528D0F7B300EB916F /* ViewController.swift in Sources */ = {isa = PBXBuildFile; fileRef = 52795B0428D0F7B300EB916F /* ViewController.swift */; };
		52795B0828D0F7B300EB916F /* Main.storyboard in Resources */ = {isa = PBXBuildFile; fileRef = 52795B0628D0F7B300EB916F /* Main.storyboard */; };
		52795B0A28D0F7B500EB916F /* Assets.xcassets in Resources */ = {isa = PBXBuildFile; fileRef = 52795B0928D0F7B500EB916F /* Assets.xcassets */; };
		52795B0D28D0F7B500EB916F /* LaunchScreen.storyboard in Resources */ = {isa = PBXBuildFile; fileRef = 52795B0B28D0F7B500EB916F /* LaunchScreen.storyboard */; };
		52795B1828D0F7B500EB916F /* CurrencyConverterTests.swift in Sources */ = {isa = PBXBuildFile; fileRef = 52795B1728D0F7B500EB916F /* CurrencyConverterTests.swift */; };
		52830D6D28D23BCA008D8C34 /* CurrencyValueCollectionViewCell.swift in Sources */ = {isa = PBXBuildFile; fileRef = 52830D6B28D23BCA008D8C34 /* CurrencyValueCollectionViewCell.swift */; };
		52830D6E28D23BCA008D8C34 /* CurrencyValueCollectionViewCell.xib in Resources */ = {isa = PBXBuildFile; fileRef = 52830D6C28D23BCA008D8C34 /* CurrencyValueCollectionViewCell.xib */; };
/* End PBXBuildFile section */

/* Begin PBXContainerItemProxy section */
		52795B1428D0F7B500EB916F /* PBXContainerItemProxy */ = {
			isa = PBXContainerItemProxy;
			containerPortal = 52795AF528D0F7B300EB916F /* Project object */;
			proxyType = 1;
			remoteGlobalIDString = 52795AFC28D0F7B300EB916F;
			remoteInfo = CurrencyConverter;
		};
/* End PBXContainerItemProxy section */

/* Begin PBXFileReference section */
		52282A5928D784D400687116 /* Constants.swift */ = {isa = PBXFileReference; lastKnownFileType = sourcecode.swift; path = Constants.swift; sourceTree = "<group>"; };
		52282A5B28D78C8A00687116 /* CurrencyConverterPresenter.swift */ = {isa = PBXFileReference; lastKnownFileType = sourcecode.swift; path = CurrencyConverterPresenter.swift; sourceTree = "<group>"; };
		52282A5D28D78D1B00687116 /* CurrencyConverterNetworkManager.swift */ = {isa = PBXFileReference; lastKnownFileType = sourcecode.swift; path = CurrencyConverterNetworkManager.swift; sourceTree = "<group>"; };
		52282A5F28D79D1B00687116 /* Protocols.swift */ = {isa = PBXFileReference; lastKnownFileType = sourcecode.swift; path = Protocols.swift; sourceTree = "<group>"; };
		52795AFD28D0F7B300EB916F /* CurrencyConverter.app */ = {isa = PBXFileReference; explicitFileType = wrapper.application; includeInIndex = 0; path = CurrencyConverter.app; sourceTree = BUILT_PRODUCTS_DIR; };
		52795B0028D0F7B300EB916F /* AppDelegate.swift */ = {isa = PBXFileReference; lastKnownFileType = sourcecode.swift; path = AppDelegate.swift; sourceTree = "<group>"; };
		52795B0228D0F7B300EB916F /* SceneDelegate.swift */ = {isa = PBXFileReference; lastKnownFileType = sourcecode.swift; path = SceneDelegate.swift; sourceTree = "<group>"; };
		52795B0428D0F7B300EB916F /* ViewController.swift */ = {isa = PBXFileReference; lastKnownFileType = sourcecode.swift; path = ViewController.swift; sourceTree = "<group>"; };
		52795B0728D0F7B300EB916F /* Base */ = {isa = PBXFileReference; lastKnownFileType = file.storyboard; name = Base; path = Base.lproj/Main.storyboard; sourceTree = "<group>"; };
		52795B0928D0F7B500EB916F /* Assets.xcassets */ = {isa = PBXFileReference; lastKnownFileType = folder.assetcatalog; path = Assets.xcassets; sourceTree = "<group>"; };
		52795B0C28D0F7B500EB916F /* Base */ = {isa = PBXFileReference; lastKnownFileType = file.storyboard; name = Base; path = Base.lproj/LaunchScreen.storyboard; sourceTree = "<group>"; };
		52795B0E28D0F7B500EB916F /* Info.plist */ = {isa = PBXFileReference; lastKnownFileType = text.plist.xml; path = Info.plist; sourceTree = "<group>"; };
		52795B1328D0F7B500EB916F /* CurrencyConverterTests.xctest */ = {isa = PBXFileReference; explicitFileType = wrapper.cfbundle; includeInIndex = 0; path = CurrencyConverterTests.xctest; sourceTree = BUILT_PRODUCTS_DIR; };
		52795B1728D0F7B500EB916F /* CurrencyConverterTests.swift */ = {isa = PBXFileReference; lastKnownFileType = sourcecode.swift; path = CurrencyConverterTests.swift; sourceTree = "<group>"; };
		52795B1928D0F7B500EB916F /* Info.plist */ = {isa = PBXFileReference; lastKnownFileType = text.plist.xml; path = Info.plist; sourceTree = "<group>"; };
		52830D6B28D23BCA008D8C34 /* CurrencyValueCollectionViewCell.swift */ = {isa = PBXFileReference; lastKnownFileType = sourcecode.swift; path = CurrencyValueCollectionViewCell.swift; sourceTree = "<group>"; };
		52830D6C28D23BCA008D8C34 /* CurrencyValueCollectionViewCell.xib */ = {isa = PBXFileReference; lastKnownFileType = file.xib; path = CurrencyValueCollectionViewCell.xib; sourceTree = "<group>"; };
/* End PBXFileReference section */

/* Begin PBXFrameworksBuildPhase section */
		52795AFA28D0F7B300EB916F /* Frameworks */ = {
			isa = PBXFrameworksBuildPhase;
			buildActionMask = 2147483647;
			files = (
			);
			runOnlyForDeploymentPostprocessing = 0;
		};
		52795B1028D0F7B500EB916F /* Frameworks */ = {
			isa = PBXFrameworksBuildPhase;
			buildActionMask = 2147483647;
			files = (
			);
			runOnlyForDeploymentPostprocessing = 0;
		};
/* End PBXFrameworksBuildPhase section */

/* Begin PBXGroup section */
		52795AF428D0F7B300EB916F = {
			isa = PBXGroup;
			children = (
				52795AFF28D0F7B300EB916F /* CurrencyConverter */,
				52795B1628D0F7B500EB916F /* CurrencyConverterTests */,
				52795AFE28D0F7B300EB916F /* Products */,
			);
			sourceTree = "<group>";
		};
		52795AFE28D0F7B300EB916F /* Products */ = {
			isa = PBXGroup;
			children = (
				52795AFD28D0F7B300EB916F /* CurrencyConverter.app */,
				52795B1328D0F7B500EB916F /* CurrencyConverterTests.xctest */,
			);
			name = Products;
			sourceTree = "<group>";
		};
		52795AFF28D0F7B300EB916F /* CurrencyConverter */ = {
			isa = PBXGroup;
			children = (
				52795B0028D0F7B300EB916F /* AppDelegate.swift */,
				52795B0228D0F7B300EB916F /* SceneDelegate.swift */,
				52282A5928D784D400687116 /* Constants.swift */,
				52282A5F28D79D1B00687116 /* Protocols.swift */,
				52282A5D28D78D1B00687116 /* CurrencyConverterNetworkManager.swift */,
				52282A5B28D78C8A00687116 /* CurrencyConverterPresenter.swift */,
				52795B0428D0F7B300EB916F /* ViewController.swift */,
				52795B0628D0F7B300EB916F /* Main.storyboard */,
				52795B0928D0F7B500EB916F /* Assets.xcassets */,
				52795B0B28D0F7B500EB916F /* LaunchScreen.storyboard */,
				52795B0E28D0F7B500EB916F /* Info.plist */,
				52830D6B28D23BCA008D8C34 /* CurrencyValueCollectionViewCell.swift */,
				52830D6C28D23BCA008D8C34 /* CurrencyValueCollectionViewCell.xib */,
			);
			path = CurrencyConverter;
			sourceTree = "<group>";
		};
		52795B1628D0F7B500EB916F /* CurrencyConverterTests */ = {
			isa = PBXGroup;
			children = (
				52795B1728D0F7B500EB916F /* CurrencyConverterTests.swift */,
				52795B1928D0F7B500EB916F /* Info.plist */,
			);
			path = CurrencyConverterTests;
			sourceTree = "<group>";
		};
/* End PBXGroup section */

/* Begin PBXNativeTarget section */
		52795AFC28D0F7B300EB916F /* CurrencyConverter */ = {
			isa = PBXNativeTarget;
			buildConfigurationList = 52795B1C28D0F7B500EB916F /* Build configuration list for PBXNativeTarget "CurrencyConverter" */;
			buildPhases = (
				52795AF928D0F7B300EB916F /* Sources */,
				52795AFA28D0F7B300EB916F /* Frameworks */,
				52795AFB28D0F7B300EB916F /* Resources */,
			);
			buildRules = (
			);
			dependencies = (
			);
			name = CurrencyConverter;
			productName = CurrencyConverter;
			productReference = 52795AFD28D0F7B300EB916F /* CurrencyConverter.app */;
			productType = "com.apple.product-type.application";
		};
		52795B1228D0F7B500EB916F /* CurrencyConverterTests */ = {
			isa = PBXNativeTarget;
			buildConfigurationList = 52795B1F28D0F7B500EB916F /* Build configuration list for PBXNativeTarget "CurrencyConverterTests" */;
			buildPhases = (
				52795B0F28D0F7B500EB916F /* Sources */,
				52795B1028D0F7B500EB916F /* Frameworks */,
				52795B1128D0F7B500EB916F /* Resources */,
			);
			buildRules = (
			);
			dependencies = (
				52795B1528D0F7B500EB916F /* PBXTargetDependency */,
			);
			name = CurrencyConverterTests;
			productName = CurrencyConverterTests;
			productReference = 52795B1328D0F7B500EB916F /* CurrencyConverterTests.xctest */;
			productType = "com.apple.product-type.bundle.unit-test";
		};
/* End PBXNativeTarget section */

/* Begin PBXProject section */
		52795AF528D0F7B300EB916F /* Project object */ = {
			isa = PBXProject;
			attributes = {
				LastSwiftUpdateCheck = 1120;
				LastUpgradeCheck = 1120;
				ORGANIZATIONNAME = "Fahad Hasan Zahidi";
				TargetAttributes = {
					52795AFC28D0F7B300EB916F = {
						CreatedOnToolsVersion = 11.2.1;
					};
					52795B1228D0F7B500EB916F = {
						CreatedOnToolsVersion = 11.2.1;
						TestTargetID = 52795AFC28D0F7B300EB916F;
					};
				};
			};
			buildConfigurationList = 52795AF828D0F7B300EB916F /* Build configuration list for PBXProject "CurrencyConverter" */;
			compatibilityVersion = "Xcode 9.3";
			developmentRegion = en;
			hasScannedForEncodings = 0;
			knownRegions = (
				en,
				Base,
			);
			mainGroup = 52795AF428D0F7B300EB916F;
			productRefGroup = 52795AFE28D0F7B300EB916F /* Products */;
			projectDirPath = "";
			projectRoot = "";
			targets = (
				52795AFC28D0F7B300EB916F /* CurrencyConverter */,
				52795B1228D0F7B500EB916F /* CurrencyConverterTests */,
			);
		};
/* End PBXProject section */

/* Begin PBXResourcesBuildPhase section */
		52795AFB28D0F7B300EB916F /* Resources */ = {
			isa = PBXResourcesBuildPhase;
			buildActionMask = 2147483647;
			files = (
				52795B0D28D0F7B500EB916F /* LaunchScreen.storyboard in Resources */,
				52795B0A28D0F7B500EB916F /* Assets.xcassets in Resources */,
				52795B0828D0F7B300EB916F /* Main.storyboard in Resources */,
				52830D6E28D23BCA008D8C34 /* CurrencyValueCollectionViewCell.xib in Resources */,
			);
			runOnlyForDeploymentPostprocessing = 0;
		};
		52795B1128D0F7B500EB916F /* Resources */ = {
			isa = PBXResourcesBuildPhase;
			buildActionMask = 2147483647;
			files = (
			);
			runOnlyForDeploymentPostprocessing = 0;
		};
/* End PBXResourcesBuildPhase section */

/* Begin PBXSourcesBuildPhase section */
		52795AF928D0F7B300EB916F /* Sources */ = {
			isa = PBXSourcesBuildPhase;
			buildActionMask = 2147483647;
			files = (
				52282A5A28D784D400687116 /* Constants.swift in Sources */,
				52795B0528D0F7B300EB916F /* ViewController.swift in Sources */,
				52795B0128D0F7B300EB916F /* AppDelegate.swift in Sources */,
				52795B0328D0F7B300EB916F /* SceneDelegate.swift in Sources */,
				52830D6D28D23BCA008D8C34 /* CurrencyValueCollectionViewCell.swift in Sources */,
				52282A5E28D78D1B00687116 /* CurrencyConverterNetworkManager.swift in Sources */,
				52282A5C28D78C8A00687116 /* CurrencyConverterPresenter.swift in Sources */,
				52282A6028D79D1B00687116 /* Protocols.swift in Sources */,
			);
			runOnlyForDeploymentPostprocessing = 0;
		};
		52795B0F28D0F7B500EB916F /* Sources */ = {
			isa = PBXSourcesBuildPhase;
			buildActionMask = 2147483647;
			files = (
				52795B1828D0F7B500EB916F /* CurrencyConverterTests.swift in Sources */,
			);
			runOnlyForDeploymentPostprocessing = 0;
		};
/* End PBXSourcesBuildPhase section */

/* Begin PBXTargetDependency section */
		52795B1528D0F7B500EB916F /* PBXTargetDependency */ = {
			isa = PBXTargetDependency;
			target = 52795AFC28D0F7B300EB916F /* CurrencyConverter */;
			targetProxy = 52795B1428D0F7B500EB916F /* PBXContainerItemProxy */;
		};
/* End PBXTargetDependency section */

/* Begin PBXVariantGroup section */
		52795B0628D0F7B300EB916F /* Main.storyboard */ = {
			isa = PBXVariantGroup;
			children = (
				52795B0728D0F7B300EB916F /* Base */,
			);
			name = Main.storyboard;
			sourceTree = "<group>";
		};
		52795B0B28D0F7B500EB916F /* LaunchScreen.storyboard */ = {
			isa = PBXVariantGroup;
			children = (
				52795B0C28D0F7B500EB916F /* Base */,
			);
			name = LaunchScreen.storyboard;
			sourceTree = "<group>";
		};
/* End PBXVariantGroup section */

/* Begin XCBuildConfiguration section */
		52795B1A28D0F7B500EB916F /* Debug */ = {
			isa = XCBuildConfiguration;
			buildSettings = {
				ALWAYS_SEARCH_USER_PATHS = NO;
				CLANG_ANALYZER_NONNULL = YES;
				CLANG_ANALYZER_NUMBER_OBJECT_CONVERSION = YES_AGGRESSIVE;
				CLANG_CXX_LANGUAGE_STANDARD = "gnu++14";
				CLANG_CXX_LIBRARY = "libc++";
				CLANG_ENABLE_MODULES = YES;
				CLANG_ENABLE_OBJC_ARC = YES;
				CLANG_ENABLE_OBJC_WEAK = YES;
				CLANG_WARN_BLOCK_CAPTURE_AUTORELEASING = YES;
				CLANG_WARN_BOOL_CONVERSION = YES;
				CLANG_WARN_COMMA = YES;
				CLANG_WARN_CONSTANT_CONVERSION = YES;
				CLANG_WARN_DEPRECATED_OBJC_IMPLEMENTATIONS = YES;
				CLANG_WARN_DIRECT_OBJC_ISA_USAGE = YES_ERROR;
				CLANG_WARN_DOCUMENTATION_COMMENTS = YES;
				CLANG_WARN_EMPTY_BODY = YES;
				CLANG_WARN_ENUM_CONVERSION = YES;
				CLANG_WARN_INFINITE_RECURSION = YES;
				CLANG_WARN_INT_CONVERSION = YES;
				CLANG_WARN_NON_LITERAL_NULL_CONVERSION = YES;
				CLANG_WARN_OBJC_IMPLICIT_RETAIN_SELF = YES;
				CLANG_WARN_OBJC_LITERAL_CONVERSION = YES;
				CLANG_WARN_OBJC_ROOT_CLASS = YES_ERROR;
				CLANG_WARN_RANGE_LOOP_ANALYSIS = YES;
				CLANG_WARN_STRICT_PROTOTYPES = YES;
				CLANG_WARN_SUSPICIOUS_MOVE = YES;
				CLANG_WARN_UNGUARDED_AVAILABILITY = YES_AGGRESSIVE;
				CLANG_WARN_UNREACHABLE_CODE = YES;
				CLANG_WARN__DUPLICATE_METHOD_MATCH = YES;
				COPY_PHASE_STRIP = NO;
				DEBUG_INFORMATION_FORMAT = dwarf;
				ENABLE_STRICT_OBJC_MSGSEND = YES;
				ENABLE_TESTABILITY = YES;
				GCC_C_LANGUAGE_STANDARD = gnu11;
				GCC_DYNAMIC_NO_PIC = NO;
				GCC_NO_COMMON_BLOCKS = YES;
				GCC_OPTIMIZATION_LEVEL = 0;
				GCC_PREPROCESSOR_DEFINITIONS = (
					"DEBUG=1",
					"$(inherited)",
				);
				GCC_WARN_64_TO_32_BIT_CONVERSION = YES;
				GCC_WARN_ABOUT_RETURN_TYPE = YES_ERROR;
				GCC_WARN_UNDECLARED_SELECTOR = YES;
				GCC_WARN_UNINITIALIZED_AUTOS = YES_AGGRESSIVE;
				GCC_WARN_UNUSED_FUNCTION = YES;
				GCC_WARN_UNUSED_VARIABLE = YES;
				IPHONEOS_DEPLOYMENT_TARGET = 13.2;
				MTL_ENABLE_DEBUG_INFO = INCLUDE_SOURCE;
				MTL_FAST_MATH = YES;
				ONLY_ACTIVE_ARCH = YES;
				SDKROOT = iphoneos;
				SWIFT_ACTIVE_COMPILATION_CONDITIONS = DEBUG;
				SWIFT_OPTIMIZATION_LEVEL = "-Onone";
			};
			name = Debug;
		};
		52795B1B28D0F7B500EB916F /* Release */ = {
			isa = XCBuildConfiguration;
			buildSettings = {
				ALWAYS_SEARCH_USER_PATHS = NO;
				CLANG_ANALYZER_NONNULL = YES;
				CLANG_ANALYZER_NUMBER_OBJECT_CONVERSION = YES_AGGRESSIVE;
				CLANG_CXX_LANGUAGE_STANDARD = "gnu++14";
				CLANG_CXX_LIBRARY = "libc++";
				CLANG_ENABLE_MODULES = YES;
				CLANG_ENABLE_OBJC_ARC = YES;
				CLANG_ENABLE_OBJC_WEAK = YES;
				CLANG_WARN_BLOCK_CAPTURE_AUTORELEASING = YES;
				CLANG_WARN_BOOL_CONVERSION = YES;
				CLANG_WARN_COMMA = YES;
				CLANG_WARN_CONSTANT_CONVERSION = YES;
				CLANG_WARN_DEPRECATED_OBJC_IMPLEMENTATIONS = YES;
				CLANG_WARN_DIRECT_OBJC_ISA_USAGE = YES_ERROR;
				CLANG_WARN_DOCUMENTATION_COMMENTS = YES;
				CLANG_WARN_EMPTY_BODY = YES;
				CLANG_WARN_ENUM_CONVERSION = YES;
				CLANG_WARN_INFINITE_RECURSION = YES;
				CLANG_WARN_INT_CONVERSION = YES;
				CLANG_WARN_NON_LITERAL_NULL_CONVERSION = YES;
				CLANG_WARN_OBJC_IMPLICIT_RETAIN_SELF = YES;
				CLANG_WARN_OBJC_LITERAL_CONVERSION = YES;
				CLANG_WARN_OBJC_ROOT_CLASS = YES_ERROR;
				CLANG_WARN_RANGE_LOOP_ANALYSIS = YES;
				CLANG_WARN_STRICT_PROTOTYPES = YES;
				CLANG_WARN_SUSPICIOUS_MOVE = YES;
				CLANG_WARN_UNGUARDED_AVAILABILITY = YES_AGGRESSIVE;
				CLANG_WARN_UNREACHABLE_CODE = YES;
				CLANG_WARN__DUPLICATE_METHOD_MATCH = YES;
				COPY_PHASE_STRIP = NO;
				DEBUG_INFORMATION_FORMAT = "dwarf-with-dsym";
				ENABLE_NS_ASSERTIONS = NO;
				ENABLE_STRICT_OBJC_MSGSEND = YES;
				GCC_C_LANGUAGE_STANDARD = gnu11;
				GCC_NO_COMMON_BLOCKS = YES;
				GCC_WARN_64_TO_32_BIT_CONVERSION = YES;
				GCC_WARN_ABOUT_RETURN_TYPE = YES_ERROR;
				GCC_WARN_UNDECLARED_SELECTOR = YES;
				GCC_WARN_UNINITIALIZED_AUTOS = YES_AGGRESSIVE;
				GCC_WARN_UNUSED_FUNCTION = YES;
				GCC_WARN_UNUSED_VARIABLE = YES;
				IPHONEOS_DEPLOYMENT_TARGET = 13.2;
				MTL_ENABLE_DEBUG_INFO = NO;
				MTL_FAST_MATH = YES;
				SDKROOT = iphoneos;
				SWIFT_COMPILATION_MODE = wholemodule;
				SWIFT_OPTIMIZATION_LEVEL = "-O";
				VALIDATE_PRODUCT = YES;
			};
			name = Release;
		};
		52795B1D28D0F7B500EB916F /* Debug */ = {
			isa = XCBuildConfiguration;
			buildSettings = {
				ASSETCATALOG_COMPILER_APPICON_NAME = AppIcon;
				CODE_SIGN_STYLE = Automatic;
				INFOPLIST_FILE = CurrencyConverter/Info.plist;
				LD_RUNPATH_SEARCH_PATHS = (
					"$(inherited)",
					"@executable_path/Frameworks",
				);
				PRODUCT_BUNDLE_IDENTIFIER = com.CurrencyConverter;
				PRODUCT_NAME = "$(TARGET_NAME)";
				SWIFT_VERSION = 5.0;
				TARGETED_DEVICE_FAMILY = "1,2";
			};
			name = Debug;
		};
		52795B1E28D0F7B500EB916F /* Release */ = {
			isa = XCBuildConfiguration;
			buildSettings = {
				ASSETCATALOG_COMPILER_APPICON_NAME = AppIcon;
				CODE_SIGN_STYLE = Automatic;
				INFOPLIST_FILE = CurrencyConverter/Info.plist;
				LD_RUNPATH_SEARCH_PATHS = (
					"$(inherited)",
					"@executable_path/Frameworks",
				);
				PRODUCT_BUNDLE_IDENTIFIER = com.CurrencyConverter;
				PRODUCT_NAME = "$(TARGET_NAME)";
				SWIFT_VERSION = 5.0;
				TARGETED_DEVICE_FAMILY = "1,2";
			};
			name = Release;
		};
		52795B2028D0F7B500EB916F /* Debug */ = {
			isa = XCBuildConfiguration;
			buildSettings = {
				ALWAYS_EMBED_SWIFT_STANDARD_LIBRARIES = YES;
				BUNDLE_LOADER = "$(TEST_HOST)";
				CODE_SIGN_STYLE = Automatic;
				INFOPLIST_FILE = CurrencyConverterTests/Info.plist;
				IPHONEOS_DEPLOYMENT_TARGET = 13.2;
				LD_RUNPATH_SEARCH_PATHS = (
					"$(inherited)",
					"@executable_path/Frameworks",
					"@loader_path/Frameworks",
				);
				PRODUCT_BUNDLE_IDENTIFIER = com.CurrencyConverterTests;
				PRODUCT_NAME = "$(TARGET_NAME)";
				SWIFT_VERSION = 5.0;
				TARGETED_DEVICE_FAMILY = "1,2";
				TEST_HOST = "$(BUILT_PRODUCTS_DIR)/CurrencyConverter.app/CurrencyConverter";
			};
			name = Debug;
		};
		52795B2128D0F7B500EB916F /* Release */ = {
			isa = XCBuildConfiguration;
			buildSettings = {
				ALWAYS_EMBED_SWIFT_STANDARD_LIBRARIES = YES;
				BUNDLE_LOADER = "$(TEST_HOST)";
				CODE_SIGN_STYLE = Automatic;
				INFOPLIST_FILE = CurrencyConverterTests/Info.plist;
				IPHONEOS_DEPLOYMENT_TARGET = 13.2;
				LD_RUNPATH_SEARCH_PATHS = (
					"$(inherited)",
					"@executable_path/Frameworks",
					"@loader_path/Frameworks",
				);
				PRODUCT_BUNDLE_IDENTIFIER = com.CurrencyConverterTests;
				PRODUCT_NAME = "$(TARGET_NAME)";
				SWIFT_VERSION = 5.0;
				TARGETED_DEVICE_FAMILY = "1,2";
				TEST_HOST = "$(BUILT_PRODUCTS_DIR)/CurrencyConverter.app/CurrencyConverter";
			};
			name = Release;
		};
/* End XCBuildConfiguration section */

/* Begin XCConfigurationList section */
		52795AF828D0F7B300EB916F /* Build configuration list for PBXProject "CurrencyConverter" */ = {
			isa = XCConfigurationList;
			buildConfigurations = (
				52795B1A28D0F7B500EB916F /* Debug */,
				52795B1B28D0F7B500EB916F /* Release */,
			);
			defaultConfigurationIsVisible = 0;
			defaultConfigurationName = Release;
		};
		52795B1C28D0F7B500EB916F /* Build configuration list for PBXNativeTarget "CurrencyConverter" */ = {
			isa = XCConfigurationList;
			buildConfigurations = (
				52795B1D28D0F7B500EB916F /* Debug */,
				52795B1E28D0F7B500EB916F /* Release */,
			);
			defaultConfigurationIsVisible = 0;
			defaultConfigurationName = Release;
		};
		52795B1F28D0F7B500EB916F /* Build configuration list for PBXNativeTarget "CurrencyConverterTests" */ = {
			isa = XCConfigurationList;
			buildConfigurations = (
				52795B2028D0F7B500EB916F /* Debug */,
				52795B2128D0F7B500EB916F /* Release */,
			);
			defaultConfigurationIsVisible = 0;
			defaultConfigurationName = Release;
		};
/* End XCConfigurationList section */
	};
	rootObject = 52795AF528D0F7B300EB916F /* Project object */;
}
